Microsoft Visual Studio Solution File, Format Version 12.00
# Visual Studio Version 17
VisualStudioVersion = 17.0.31717.71
MinimumVisualStudioVersion = 10.0.40219.1
Project("{9A19103F-16F7-4668-BE54-9A1E7A4F7556}") = "Lexplorer", "Lexplorer.csproj", "{B5DD05A3-048E-4046-83BC-F7DEE43A2BAC}"
EndProject
Global
	GlobalSection(SharedMSBuildProjectFiles) = preSolution
		..\Shared\Shared.projitems*{b5dd05a3-048e-4046-83bc-f7dee43a2bac}*SharedItemsImports = 5
	EndGlobalSection
	GlobalSection(SolutionConfigurationPlatforms) = preSolution
		Debug|Any CPU = Debug|Any CPU
		Release|Any CPU = Release|Any CPU
	EndGlobalSection
	GlobalSection(ProjectConfigurationPlatforms) = postSolution
		{B5DD05A3-048E-4046-83BC-F7DEE43A2BAC}.Debug|Any CPU.ActiveCfg = Debug|Any CPU
		{B5DD05A3-048E-4046-83BC-F7DEE43A2BAC}.Debug|Any CPU.Build.0 = Debug|Any CPU
		{B5DD05A3-048E-4046-83BC-F7DEE43A2BAC}.Release|Any CPU.ActiveCfg = Release|Any CPU
		{B5DD05A3-048E-4046-83BC-F7DEE43A2BAC}.Release|Any CPU.Build.0 = Release|Any CPU
	EndGlobalSection
	GlobalSection(SolutionProperties) = preSolution
		HideSolutionNode = FALSE
	EndGlobalSection
	GlobalSection(ExtensibilityGlobals) = postSolution
		SolutionGuid = {7D81181F-7C02-4CED-B44C-33FB51E9CBFF}
	EndGlobalSection
EndGlobal
